{
  "lockfileVersion": 1,
  "configVersion": 1,
  "workspaces": {
    "": {
      "name": "newproject-cs",
      "dependencies": {
        "dprint": "^0.54.0",
        "install": "^0.13.0",
      },
    },
  },
  "packages": {
    "@dprint/darwin-arm64": ["@dprint/darwin-arm64@0.54.0", "", { "os": "darwin", "cpu": "arm64" }, "sha512-yqRI4enH+BDp+4+ZsPVdZM5h873JK1lN7li9l9A5u4C4cvh1oEsiBWAzEPccRkJ2ctF8LgaizBSxO38sqEVYbw=="],

    "@dprint/darwin-x64": ["@dprint/darwin-x64@0.54.0", "", { "os": "darwin", "cpu": "x64" }, "sha512-W9BARpgHypcQwatg5mnHaCpX6pLX5dBxxiv+tZKruhOmq8MKYOrAYDXlceMuHSowmWREfUF5yL4SRgXDGI6WQw=="],

    "@dprint/linux-arm64-glibc": ["@dprint/linux-arm64-glibc@0.54.0", "", { "os": "linux", "cpu": "arm64" }, "sha512-VhM7p70VFuNqxZMdiv1e+nMboPj/hMFlTIBWrRaX7+6VThs9mJr9+94wrUeXgfnfsyaEKSbRFa/dru1PINoSNw=="],

    "@dprint/linux-arm64-musl": ["@dprint/linux-arm64-musl@0.54.0", "", { "os": "linux", "cpu": "arm64" }, "sha512-QS1A74Lv60/L9oemHCzbHgOLbV2smSJG5IxS5fjf8ZWetyUt918WDzIHBilz/+uiB+OlW2UVTsm952UG0YOrLw=="],

    "@dprint/linux-loong64-glibc": ["@dprint/linux-loong64-glibc@0.54.0", "", { "os": "linux", "cpu": "none" }, "sha512-8Myka2/0KbhuZnEKL6jagPXTgDKVpd/tfXDRa0oibUBgaqOSku6iRMzHGa/PhqHL+s14Gcp+/cIHz0zU3Tkgug=="],

    "@dprint/linux-loong64-musl": ["@dprint/linux-loong64-musl@0.54.0", "", { "os": "linux", "cpu": "none" }, "sha512-/AN3xCuMhC4PK7Pbj7/4zBuhFGr4m0OHV/5uGTfzpkKX/3+AXoyKl7PbT2VlNMGXAK0kuRThfjtx23gIwlWk7Q=="],

    "@dprint/linux-riscv64-glibc": ["@dprint/linux-riscv64-glibc@0.54.0", "", { "os": "linux", "cpu": "none" }, "sha512-Aw2vXzzwFDpPbXh6ajsSabVCkCc66C3hCyMKprR/IxYvFtjYX80nh1ox0c7iaw6c4HacHMRLGw7FUSXvomPaEQ=="],

    "@dprint/linux-x64-glibc": ["@dprint/linux-x64-glibc@0.54.0", "", { "os": "linux", "cpu": "x64" }, "sha512-zZqj3wQELOX8n6QfT2uuWoMf64Wv0lMXNyam3btm+PKkg0P6a54TPL09Bs9XsViOdxgTcamsiQ7HlErt/LEjIA=="],

    "@dprint/linux-x64-musl": ["@dprint/linux-x64-musl@0.54.0", "", { "os": "linux", "cpu": "x64" }, "sha512-it6Qdt06dyW2adbAXpOCb7/KQLxlm4i1UphUAWqWsZk4t3EYetyAza9J0g3Vu9itIWSEIo9MnccgANckQJ6+qw=="],

    "@dprint/win32-arm64": ["@dprint/win32-arm64@0.54.0", "", { "os": "win32", "cpu": "arm64" }, "sha512-F5kjV/6I9YtNOTDWHUpTqM2HHHS510BPL7z4NJuU0nDnaVeks7GwNEltGr56CcsG8XQYhkiAsqZytPu6AhA2hQ=="],

    "@dprint/win32-x64": ["@dprint/win32-x64@0.54.0", "", { "os": "win32", "cpu": "x64" }, "sha512-AAr2ye/DtgYXDplRoPS+5U++x7T6W4a3I9FvTFWFxziFmUptvAg5G2c4FcXoAduSruhYZJvjDZrLseR2c3IwXg=="],

    "dprint": ["dprint@0.54.0", "", { "optionalDependencies": { "@dprint/darwin-arm64": "0.54.0", "@dprint/darwin-x64": "0.54.0", "@dprint/linux-arm64-glibc": "0.54.0", "@dprint/linux-arm64-musl": "0.54.0", "@dprint/linux-loong64-glibc": "0.54.0", "@dprint/linux-loong64-musl": "0.54.0", "@dprint/linux-riscv64-glibc": "0.54.0", "@dprint/linux-x64-glibc": "0.54.0", "@dprint/linux-x64-musl": "0.54.0", "@dprint/win32-arm64": "0.54.0", "@dprint/win32-x64": "0.54.0" }, "bin": { "dprint": "bin.cjs" } }, "sha512-sIy25poR2gRP/tWPTgP0MPeJoJcpv0xzYDcsboapvthbEt1Qw3Al252CA0xFyIh2cYEGGKyBJtKokryv4ERlJw=="],

    "install": ["install@0.13.0", "", {}, "sha512-zDml/jzr2PKU9I8J/xyZBQn8rPCAY//UOYNmR01XwNwyfhEWObo2SWfSl1+0tm1u6PhxLwDnfsT/6jB7OUxqFA=="],
  }
}
